
Microsoft Visual Studio Solution File, Format Version 12.00
# Visual Studio Version 17
VisualStudioVersion = 17.0.31903.59
MinimumVisualStudioVersion = 10.0.40219.1
Project("{FAE04EC0-301F-11D3-BF4B-00C04F79EFBC}") = "DjStore", "DjStore\DjStore.csproj", "{DEEC6FC0-C704-455F-BA58-032FBB0A484F}"
EndProject
Global
	GlobalSection(SolutionConfigurationPlatforms) = preSolution
		Debug|Any CPU = Debug|Any CPU
		Release|Any CPU = Release|Any CPU
	EndGlobalSection
	GlobalSection(SolutionProperties) = preSolution
		HideSolutionNode = FALSE
	EndGlobalSection
	GlobalSection(ProjectConfigurationPlatforms) = postSolution
		{DEEC6FC0-C704-455F-BA58-032FBB0A484F}.Debug|Any CPU.ActiveCfg = Debug|Any CPU
		{DEEC6FC0-C704-455F-BA58-032FBB0A484F}.Debug|Any CPU.Build.0 = Debug|Any CPU
		{DEEC6FC0-C704-455F-BA58-032FBB0A484F}.Release|Any CPU.ActiveCfg = Release|Any CPU
		{DEEC6FC0-C704-455F-BA58-032FBB0A484F}.Release|Any CPU.Build.0 = Release|Any CPU
	EndGlobalSection
EndGlobal
